
Microsoft Visual Studio Solution File, Format Version 12.00
# Visual Studio 15
VisualStudioVersion = 15.0.26730.12
MinimumVisualStudioVersion = 10.0.40219.1
Project("{FAE04EC0-301F-11D3-BF4B-00C04F79EFBC}") = "Graph Test", "Graph Test\Graph Test.csproj", "{491A0E2E-61CC-42F6-8E76-8658BB5BB4DE}"
EndProject
Global
	GlobalSection(SolutionConfigurationPlatforms) = preSolution
		Debug|Any CPU = Debug|Any CPU
		Release|Any CPU = Release|Any CPU
	EndGlobalSection
	GlobalSection(ProjectConfigurationPlatforms) = postSolution
		{491A0E2E-61CC-42F6-8E76-8658BB5BB4DE}.Debug|Any CPU.ActiveCfg = Debug|Any CPU
		{491A0E2E-61CC-42F6-8E76-8658BB5BB4DE}.Debug|Any CPU.Build.0 = Debug|Any CPU
		{491A0E2E-61CC-42F6-8E76-8658BB5BB4DE}.Release|Any CPU.ActiveCfg = Release|Any CPU
		{491A0E2E-61CC-42F6-8E76-8658BB5BB4DE}.Release|Any CPU.Build.0 = Release|Any CPU
	EndGlobalSection
	GlobalSection(SolutionProperties) = preSolution
		HideSolutionNode = FALSE
	EndGlobalSection
	GlobalSection(ExtensibilityGlobals) = postSolution
		SolutionGuid = {C869336C-A217-4CDA-A534-4F692DD9BBC6}
	EndGlobalSection
EndGlobal
